
Microsoft Visual Studio Solution File, Format Version 12.00
# Visual Studio Version 17
VisualStudioVersion = 17.11.35303.130
MinimumVisualStudioVersion = 10.0.40219.1
Project("{FAE04EC0-301F-11D3-BF4B-00C04F79EFBC}") = "app_c#", "app_c#.csproj", "{31ED2430-6461-420B-B958-B1947F9C96EF}"
EndProject
Global
	GlobalSection(SolutionConfigurationPlatforms) = preSolution
		Debug|Any CPU = Debug|Any CPU
		Release|Any CPU = Release|Any CPU
	EndGlobalSection
	GlobalSection(ProjectConfigurationPlatforms) = postSolution
		{31ED2430-6461-420B-B958-B1947F9C96EF}.Debug|Any CPU.ActiveCfg = Debug|Any CPU
		{31ED2430-6461-420B-B958-B1947F9C96EF}.Debug|Any CPU.Build.0 = Debug|Any CPU
		{31ED2430-6461-420B-B958-B1947F9C96EF}.Release|Any CPU.ActiveCfg = Release|Any CPU
		{31ED2430-6461-420B-B958-B1947F9C96EF}.Release|Any CPU.Build.0 = Release|Any CPU
	EndGlobalSection
	GlobalSection(SolutionProperties) = preSolution
		HideSolutionNode = FALSE
	EndGlobalSection
	GlobalSection(ExtensibilityGlobals) = postSolution
		SolutionGuid = {E9C777B9-D9E7-479D-9DA9-278E9C8B184A}
	EndGlobalSection
EndGlobal
